
Microsoft Visual Studio Solution File, Format Version 12.00
# Visual Studio Version 17
VisualStudioVersion = 17.11.35327.3
MinimumVisualStudioVersion = 10.0.40219.1
Project("{FAE04EC0-301F-11D3-BF4B-00C04F79EFBC}") = "CSCI3110SecurityConcerns", "CSCI3110SecurityConcerns\CSCI3110SecurityConcerns.csproj", "{32FB22B4-F16E-45F9-BD4D-D683C650F937}"
EndProject
Global
	GlobalSection(SolutionConfigurationPlatforms) = preSolution
		Debug|Any CPU = Debug|Any CPU
		Release|Any CPU = Release|Any CPU
	EndGlobalSection
	GlobalSection(ProjectConfigurationPlatforms) = postSolution
		{32FB22B4-F16E-45F9-BD4D-D683C650F937}.Debug|Any CPU.ActiveCfg = Debug|Any CPU
		{32FB22B4-F16E-45F9-BD4D-D683C650F937}.Debug|Any CPU.Build.0 = Debug|Any CPU
		{32FB22B4-F16E-45F9-BD4D-D683C650F937}.Release|Any CPU.ActiveCfg = Release|Any CPU
		{32FB22B4-F16E-45F9-BD4D-D683C650F937}.Release|Any CPU.Build.0 = Release|Any CPU
	EndGlobalSection
	GlobalSection(SolutionProperties) = preSolution
		HideSolutionNode = FALSE
	EndGlobalSection
	GlobalSection(ExtensibilityGlobals) = postSolution
		SolutionGuid = {39E105DA-9716-4AF0-BB05-5A1C15852554}
	EndGlobalSection
EndGlobal
